
Microsoft Visual Studio Solution File, Format Version 12.00
# Visual Studio Version 17
VisualStudioVersion = 17.11.35118.90
MinimumVisualStudioVersion = 10.0.40219.1
Project("{9A19103F-16F7-4668-BE54-9A1E7A4F7556}") = "INWalks.APIs", "INWalks.APIs\INWalks.APIs.csproj", "{76EB7EC9-EAD3-44D6-8CA4-66EA77BF76E9}"
EndProject
Project("{FAE04EC0-301F-11D3-BF4B-00C04F79EFBC}") = "INWalks.UI", "INWalks.UI\INWalks.UI.csproj", "{AD27F120-B945-400B-B729-169793075BCA}"
EndProject
Global
	GlobalSection(SolutionConfigurationPlatforms) = preSolution
		Debug|Any CPU = Debug|Any CPU
		Release|Any CPU = Release|Any CPU
	EndGlobalSection
	GlobalSection(ProjectConfigurationPlatforms) = postSolution
		{76EB7EC9-EAD3-44D6-8CA4-66EA77BF76E9}.Debug|Any CPU.ActiveCfg = Debug|Any CPU
		{76EB7EC9-EAD3-44D6-8CA4-66EA77BF76E9}.Debug|Any CPU.Build.0 = Debug|Any CPU
		{76EB7EC9-EAD3-44D6-8CA4-66EA77BF76E9}.Release|Any CPU.ActiveCfg = Release|Any CPU
		{76EB7EC9-EAD3-44D6-8CA4-66EA77BF76E9}.Release|Any CPU.Build.0 = Release|Any CPU
		{AD27F120-B945-400B-B729-169793075BCA}.Debug|Any CPU.ActiveCfg = Debug|Any CPU
		{AD27F120-B945-400B-B729-169793075BCA}.Debug|Any CPU.Build.0 = Debug|Any CPU
		{AD27F120-B945-400B-B729-169793075BCA}.Release|Any CPU.ActiveCfg = Release|Any CPU
		{AD27F120-B945-400B-B729-169793075BCA}.Release|Any CPU.Build.0 = Release|Any CPU
	EndGlobalSection
	GlobalSection(SolutionProperties) = preSolution
		HideSolutionNode = FALSE
	EndGlobalSection
	GlobalSection(ExtensibilityGlobals) = postSolution
		SolutionGuid = {AF750BD6-237B-4E31-89FB-433077881098}
	EndGlobalSection
EndGlobal
